
Microsoft Visual Studio Solution File, Format Version 12.00
# Visual Studio Version 17
VisualStudioVersion = 17.5.33424.131
MinimumVisualStudioVersion = 10.0.40219.1
Project("{9A19103F-16F7-4668-BE54-9A1E7A4F7556}") = "SignalMessenger", "SignalMessenger\SignalMessenger.csproj", "{2BC96DB9-8535-4EC8-B33C-5A6710ECFDB8}"
EndProject
Project("{FAE04EC0-301F-11D3-BF4B-00C04F79EFBC}") = "SignalMessenger.Database", "SignalMessenger.Database\SignalMessenger.Database.csproj", "{0DE5D02B-4D70-4B26-976A-E6FBA5720664}"
EndProject
Global
	GlobalSection(SolutionConfigurationPlatforms) = preSolution
		Debug|Any CPU = Debug|Any CPU
		Release|Any CPU = Release|Any CPU
	EndGlobalSection
	GlobalSection(ProjectConfigurationPlatforms) = postSolution
		{2BC96DB9-8535-4EC8-B33C-5A6710ECFDB8}.Debug|Any CPU.ActiveCfg = Debug|Any CPU
		{2BC96DB9-8535-4EC8-B33C-5A6710ECFDB8}.Debug|Any CPU.Build.0 = Debug|Any CPU
		{2BC96DB9-8535-4EC8-B33C-5A6710ECFDB8}.Release|Any CPU.ActiveCfg = Release|Any CPU
		{2BC96DB9-8535-4EC8-B33C-5A6710ECFDB8}.Release|Any CPU.Build.0 = Release|Any CPU
		{0DE5D02B-4D70-4B26-976A-E6FBA5720664}.Debug|Any CPU.ActiveCfg = Debug|Any CPU
		{0DE5D02B-4D70-4B26-976A-E6FBA5720664}.Debug|Any CPU.Build.0 = Debug|Any CPU
		{0DE5D02B-4D70-4B26-976A-E6FBA5720664}.Release|Any CPU.ActiveCfg = Release|Any CPU
		{0DE5D02B-4D70-4B26-976A-E6FBA5720664}.Release|Any CPU.Build.0 = Release|Any CPU
	EndGlobalSection
	GlobalSection(SolutionProperties) = preSolution
		HideSolutionNode = FALSE
	EndGlobalSection
	GlobalSection(ExtensibilityGlobals) = postSolution
		SolutionGuid = {22A77D5A-7370-4BD0-932E-C0111D71B9A6}
	EndGlobalSection
EndGlobal
